// !$*UTF8*$!
{
	archiveVersion = 1;
	classes = {
	};
	objectVersion = 56;
	objects = {

/* Begin PBXBuildFile section */
		01A7AEFB28D7A8FE006FA999 /* DimmerSlider.swift in Sources */ = {isa = PBXBuildFile; fileRef = 01A7AEFA28D7A8FE006FA999 /* DimmerSlider.swift */; };
		01A7AEFD28D7ABBE006FA999 /* Colors.swift in Sources */ = {isa = PBXBuildFile; fileRef = 01A7AEFC28D7ABBE006FA999 /* Colors.swift */; };
		01AC715628D64565005591E8 /* AppDelegate.swift in Sources */ = {isa = PBXBuildFile; fileRef = 01AC715528D64565005591E8 /* AppDelegate.swift */; };
		01AC715828D64565005591E8 /* SceneDelegate.swift in Sources */ = {isa = PBXBuildFile; fileRef = 01AC715728D64565005591E8 /* SceneDelegate.swift */; };
		01AC715D28D64565005591E8 /* Main.storyboard in Resources */ = {isa = PBXBuildFile; fileRef = 01AC715B28D64565005591E8 /* Main.storyboard */; };
		01AC715F28D64566005591E8 /* Assets.xcassets in Resources */ = {isa = PBXBuildFile; fileRef = 01AC715E28D64566005591E8 /* Assets.xcassets */; };
		01AC716228D64566005591E8 /* LaunchScreen.storyboard in Resources */ = {isa = PBXBuildFile; fileRef = 01AC716028D64566005591E8 /* LaunchScreen.storyboard */; };
		01AC716A28D64638005591E8 /* ClockViewController.swift in Sources */ = {isa = PBXBuildFile; fileRef = 01AC716928D64638005591E8 /* ClockViewController.swift */; };
		01AC716E28D646D9005591E8 /* Helpers+Extensions.swift in Sources */ = {isa = PBXBuildFile; fileRef = 01AC716D28D646D9005591E8 /* Helpers+Extensions.swift */; };
		01AC717028D64734005591E8 /* DimmerButton.swift in Sources */ = {isa = PBXBuildFile; fileRef = 01AC716F28D64734005591E8 /* DimmerButton.swift */; };
		01AC717228D647E9005591E8 /* DimmerView.swift in Sources */ = {isa = PBXBuildFile; fileRef = 01AC717128D647E9005591E8 /* DimmerView.swift */; };
		01AC717428D64854005591E8 /* ClockFaceLabel.swift in Sources */ = {isa = PBXBuildFile; fileRef = 01AC717328D64854005591E8 /* ClockFaceLabel.swift */; };
/* End PBXBuildFile section */

/* Begin PBXFileReference section */
		01A7AEFA28D7A8FE006FA999 /* DimmerSlider.swift */ = {isa = PBXFileReference; lastKnownFileType = sourcecode.swift; path = DimmerSlider.swift; sourceTree = "<group>"; };
		01A7AEFC28D7ABBE006FA999 /* Colors.swift */ = {isa = PBXFileReference; lastKnownFileType = sourcecode.swift; path = Colors.swift; sourceTree = "<group>"; };
		01AC715228D64565005591E8 /* SimpleClock.app */ = {isa = PBXFileReference; explicitFileType = wrapper.application; includeInIndex = 0; path = SimpleClock.app; sourceTree = BUILT_PRODUCTS_DIR; };
		01AC715528D64565005591E8 /* AppDelegate.swift */ = {isa = PBXFileReference; lastKnownFileType = sourcecode.swift; path = AppDelegate.swift; sourceTree = "<group>"; };
		01AC715728D64565005591E8 /* SceneDelegate.swift */ = {isa = PBXFileReference; lastKnownFileType = sourcecode.swift; path = SceneDelegate.swift; sourceTree = "<group>"; };
		01AC715C28D64565005591E8 /* Base */ = {isa = PBXFileReference; lastKnownFileType = file.storyboard; name = Base; path = Base.lproj/Main.storyboard; sourceTree = "<group>"; };
		01AC715E28D64566005591E8 /* Assets.xcassets */ = {isa = PBXFileReference; lastKnownFileType = folder.assetcatalog; path = Assets.xcassets; sourceTree = "<group>"; };
		01AC716128D64566005591E8 /* Base */ = {isa = PBXFileReference; lastKnownFileType = file.storyboard; name = Base; path = Base.lproj/LaunchScreen.storyboard; sourceTree = "<group>"; };
		01AC716328D64566005591E8 /* Info.plist */ = {isa = PBXFileReference; lastKnownFileType = text.plist.xml; path = Info.plist; sourceTree = "<group>"; };
		01AC716928D64638005591E8 /* ClockViewController.swift */ = {isa = PBXFileReference; lastKnownFileType = sourcecode.swift; path = ClockViewController.swift; sourceTree = "<group>"; };
		01AC716D28D646D9005591E8 /* Helpers+Extensions.swift */ = {isa = PBXFileReference; lastKnownFileType = sourcecode.swift; path = "Helpers+Extensions.swift"; sourceTree = "<group>"; };
		01AC716F28D64734005591E8 /* DimmerButton.swift */ = {isa = PBXFileReference; lastKnownFileType = sourcecode.swift; path = DimmerButton.swift; sourceTree = "<group>"; };
		01AC717128D647E9005591E8 /* DimmerView.swift */ = {isa = PBXFileReference; lastKnownFileType = sourcecode.swift; path = DimmerView.swift; sourceTree = "<group>"; };
		01AC717328D64854005591E8 /* ClockFaceLabel.swift */ = {isa = PBXFileReference; lastKnownFileType = sourcecode.swift; path = ClockFaceLabel.swift; sourceTree = "<group>"; };
/* End PBXFileReference section */

/* Begin PBXFrameworksBuildPhase section */
		01AC714F28D64565005591E8 /* Frameworks */ = {
			isa = PBXFrameworksBuildPhase;
			buildActionMask = 2147483647;
			files = (
			);
			runOnlyForDeploymentPostprocessing = 0;
		};
/* End PBXFrameworksBuildPhase section */

/* Begin PBXGroup section */
		01A7AEF828D7A86B006FA999 /* Custom Views */ = {
			isa = PBXGroup;
			children = (
				01AC717328D64854005591E8 /* ClockFaceLabel.swift */,
				01AC717128D647E9005591E8 /* DimmerView.swift */,
				01AC716F28D64734005591E8 /* DimmerButton.swift */,
				01A7AEFA28D7A8FE006FA999 /* DimmerSlider.swift */,
			);
			path = "Custom Views";
			sourceTree = "<group>";
		};
		01A7AEF928D7A896006FA999 /* Supporting */ = {
			isa = PBXGroup;
			children = (
				01AC715528D64565005591E8 /* AppDelegate.swift */,
				01AC715728D64565005591E8 /* SceneDelegate.swift */,
				01AC716D28D646D9005591E8 /* Helpers+Extensions.swift */,
				01AC715B28D64565005591E8 /* Main.storyboard */,
				01AC715E28D64566005591E8 /* Assets.xcassets */,
				01AC716028D64566005591E8 /* LaunchScreen.storyboard */,
				01A7AEFC28D7ABBE006FA999 /* Colors.swift */,
			);
			path = Supporting;
			sourceTree = "<group>";
		};
		01AC714928D64565005591E8 = {
			isa = PBXGroup;
			children = (
				01AC715428D64565005591E8 /* SimpleClock */,
				01AC715328D64565005591E8 /* Products */,
			);
			sourceTree = "<group>";
		};
		01AC715328D64565005591E8 /* Products */ = {
			isa = PBXGroup;
			children = (
				01AC715228D64565005591E8 /* SimpleClock.app */,
			);
			name = Products;
			sourceTree = "<group>";
		};
		01AC715428D64565005591E8 /* SimpleClock */ = {
			isa = PBXGroup;
			children = (
				01AC716928D64638005591E8 /* ClockViewController.swift */,
				01A7AEF828D7A86B006FA999 /* Custom Views */,
				01A7AEF928D7A896006FA999 /* Supporting */,
				01AC716328D64566005591E8 /* Info.plist */,
			);
			path = SimpleClock;
			sourceTree = "<group>";
		};
/* End PBXGroup section */

/* Begin PBXNativeTarget section */
		01AC715128D64565005591E8 /* SimpleClock */ = {
			isa = PBXNativeTarget;
			buildConfigurationList = 01AC716628D64566005591E8 /* Build configuration list for PBXNativeTarget "SimpleClock" */;
			buildPhases = (
				01AC714E28D64565005591E8 /* Sources */,
				01AC714F28D64565005591E8 /* Frameworks */,
				01AC715028D64565005591E8 /* Resources */,
			);
			buildRules = (
			);
			dependencies = (
			);
			name = SimpleClock;
			productName = SimpleClock;
			productReference = 01AC715228D64565005591E8 /* SimpleClock.app */;
			productType = "com.apple.product-type.application";
		};
/* End PBXNativeTarget section */

/* Begin PBXProject section */
		01AC714A28D64565005591E8 /* Project object */ = {
			isa = PBXProject;
			attributes = {
				BuildIndependentTargetsInParallel = 1;
				LastSwiftUpdateCheck = 1400;
				LastUpgradeCheck = 1400;
				TargetAttributes = {
					01AC715128D64565005591E8 = {
						CreatedOnToolsVersion = 14.0;
					};
				};
			};
			buildConfigurationList = 01AC714D28D64565005591E8 /* Build configuration list for PBXProject "SimpleClock" */;
			compatibilityVersion = "Xcode 14.0";
			developmentRegion = en;
			hasScannedForEncodings = 0;
			knownRegions = (
				en,
				Base,
			);
			mainGroup = 01AC714928D64565005591E8;
			productRefGroup = 01AC715328D64565005591E8 /* Products */;
			projectDirPath = "";
			projectRoot = "";
			targets = (
				01AC715128D64565005591E8 /* SimpleClock */,
			);
		};
/* End PBXProject section */

/* Begin PBXResourcesBuildPhase section */
		01AC715028D64565005591E8 /* Resources */ = {
			isa = PBXResourcesBuildPhase;
			buildActionMask = 2147483647;
			files = (
				01AC716228D64566005591E8 /* LaunchScreen.storyboard in Resources */,
				01AC715F28D64566005591E8 /* Assets.xcassets in Resources */,
				01AC715D28D64565005591E8 /* Main.storyboard in Resources */,
			);
			runOnlyForDeploymentPostprocessing = 0;
		};
/* End PBXResourcesBuildPhase section */

/* Begin PBXSourcesBuildPhase section */
		01AC714E28D64565005591E8 /* Sources */ = {
			isa = PBXSourcesBuildPhase;
			buildActionMask = 2147483647;
			files = (
				01AC715628D64565005591E8 /* AppDelegate.swift in Sources */,
				01A7AEFD28D7ABBE006FA999 /* Colors.swift in Sources */,
				01AC717428D64854005591E8 /* ClockFaceLabel.swift in Sources */,
				01AC715828D64565005591E8 /* SceneDelegate.swift in Sources */,
				01AC717028D64734005591E8 /* DimmerButton.swift in Sources */,
				01AC716A28D64638005591E8 /* ClockViewController.swift in Sources */,
				01AC716E28D646D9005591E8 /* Helpers+Extensions.swift in Sources */,
				01A7AEFB28D7A8FE006FA999 /* DimmerSlider.swift in Sources */,
				01AC717228D647E9005591E8 /* DimmerView.swift in Sources */,
			);
			runOnlyForDeploymentPostprocessing = 0;
		};
/* End PBXSourcesBuildPhase section */

/* Begin PBXVariantGroup section */
		01AC715B28D64565005591E8 /* Main.storyboard */ = {
			isa = PBXVariantGroup;
			children = (
				01AC715C28D64565005591E8 /* Base */,
			);
			name = Main.storyboard;
			sourceTree = "<group>";
		};
		01AC716028D64566005591E8 /* LaunchScreen.storyboard */ = {
			isa = PBXVariantGroup;
			children = (
				01AC716128D64566005591E8 /* Base */,
			);
			name = LaunchScreen.storyboard;
			sourceTree = "<group>";
		};
/* End PBXVariantGroup section */

/* Begin XCBuildConfiguration section */
		01AC716428D64566005591E8 /* Debug */ = {
			isa = XCBuildConfiguration;
			buildSettings = {
				ALWAYS_SEARCH_USER_PATHS = NO;
				CLANG_ANALYZER_NONNULL = YES;
				CLANG_ANALYZER_NUMBER_OBJECT_CONVERSION = YES_AGGRESSIVE;
				CLANG_CXX_LANGUAGE_STANDARD = "gnu++20";
				CLANG_ENABLE_MODULES = YES;
				CLANG_ENABLE_OBJC_ARC = YES;
				CLANG_ENABLE_OBJC_WEAK = YES;
				CLANG_WARN_BLOCK_CAPTURE_AUTORELEASING = YES;
				CLANG_WARN_BOOL_CONVERSION = YES;
				CLANG_WARN_COMMA = YES;
				CLANG_WARN_CONSTANT_CONVERSION = YES;
				CLANG_WARN_DEPRECATED_OBJC_IMPLEMENTATIONS = YES;
				CLANG_WARN_DIRECT_OBJC_ISA_USAGE = YES_ERROR;
				CLANG_WARN_DOCUMENTATION_COMMENTS = YES;
				CLANG_WARN_EMPTY_BODY = YES;
				CLANG_WARN_ENUM_CONVERSION = YES;
				CLANG_WARN_INFINITE_RECURSION = YES;
				CLANG_WARN_INT_CONVERSION = YES;
				CLANG_WARN_NON_LITERAL_NULL_CONVERSION = YES;
				CLANG_WARN_OBJC_IMPLICIT_RETAIN_SELF = YES;
				CLANG_WARN_OBJC_LITERAL_CONVERSION = YES;
				CLANG_WARN_OBJC_ROOT_CLASS = YES_ERROR;
				CLANG_WARN_QUOTED_INCLUDE_IN_FRAMEWORK_HEADER = YES;
				CLANG_WARN_RANGE_LOOP_ANALYSIS = YES;
				CLANG_WARN_STRICT_PROTOTYPES = YES;
				CLANG_WARN_SUSPICIOUS_MOVE = YES;
				CLANG_WARN_UNGUARDED_AVAILABILITY = YES_AGGRESSIVE;
				CLANG_WARN_UNREACHABLE_CODE = YES;
				CLANG_WARN__DUPLICATE_METHOD_MATCH = YES;
				COPY_PHASE_STRIP = NO;
				DEBUG_INFORMATION_FORMAT = dwarf;
				ENABLE_STRICT_OBJC_MSGSEND = YES;
				ENABLE_TESTABILITY = YES;
				GCC_C_LANGUAGE_STANDARD = gnu11;
				GCC_DYNAMIC_NO_PIC = NO;
				GCC_NO_COMMON_BLOCKS = YES;
				GCC_OPTIMIZATION_LEVEL = 0;
				GCC_PREPROCESSOR_DEFINITIONS = (
					"DEBUG=1",
					"$(inherited)",
				);
				GCC_WARN_64_TO_32_BIT_CONVERSION = YES;
				GCC_WARN_ABOUT_RETURN_TYPE = YES_ERROR;
				GCC_WARN_UNDECLARED_SELECTOR = YES;
				GCC_WARN_UNINITIALIZED_AUTOS = YES_AGGRESSIVE;
				GCC_WARN_UNUSED_FUNCTION = YES;
				GCC_WARN_UNUSED_VARIABLE = YES;
				IPHONEOS_DEPLOYMENT_TARGET = 16.0;
				MTL_ENABLE_DEBUG_INFO = INCLUDE_SOURCE;
				MTL_FAST_MATH = YES;
				ONLY_ACTIVE_ARCH = YES;
				SDKROOT = iphoneos;
				SWIFT_ACTIVE_COMPILATION_CONDITIONS = DEBUG;
				SWIFT_OPTIMIZATION_LEVEL = "-Onone";
			};
			name = Debug;
		};
		01AC716528D64566005591E8 /* Release */ = {
			isa = XCBuildConfiguration;
			buildSettings = {
				ALWAYS_SEARCH_USER_PATHS = NO;
				CLANG_ANALYZER_NONNULL = YES;
				CLANG_ANALYZER_NUMBER_OBJECT_CONVERSION = YES_AGGRESSIVE;
				CLANG_CXX_LANGUAGE_STANDARD = "gnu++20";
				CLANG_ENABLE_MODULES = YES;
				CLANG_ENABLE_OBJC_ARC = YES;
				CLANG_ENABLE_OBJC_WEAK = YES;
				CLANG_WARN_BLOCK_CAPTURE_AUTORELEASING = YES;
				CLANG_WARN_BOOL_CONVERSION = YES;
				CLANG_WARN_COMMA = YES;
				CLANG_WARN_CONSTANT_CONVERSION = YES;
				CLANG_WARN_DEPRECATED_OBJC_IMPLEMENTATIONS = YES;
				CLANG_WARN_DIRECT_OBJC_ISA_USAGE = YES_ERROR;
				CLANG_WARN_DOCUMENTATION_COMMENTS = YES;
				CLANG_WARN_EMPTY_BODY = YES;
				CLANG_WARN_ENUM_CONVERSION = YES;
				CLANG_WARN_INFINITE_RECURSION = YES;
				CLANG_WARN_INT_CONVERSION = YES;
				CLANG_WARN_NON_LITERAL_NULL_CONVERSION = YES;
				CLANG_WARN_OBJC_IMPLICIT_RETAIN_SELF = YES;
				CLANG_WARN_OBJC_LITERAL_CONVERSION = YES;
				CLANG_WARN_OBJC_ROOT_CLASS = YES_ERROR;
				CLANG_WARN_QUOTED_INCLUDE_IN_FRAMEWORK_HEADER = YES;
				CLANG_WARN_RANGE_LOOP_ANALYSIS = YES;
				CLANG_WARN_STRICT_PROTOTYPES = YES;
				CLANG_WARN_SUSPICIOUS_MOVE = YES;
				CLANG_WARN_UNGUARDED_AVAILABILITY = YES_AGGRESSIVE;
				CLANG_WARN_UNREACHABLE_CODE = YES;
				CLANG_WARN__DUPLICATE_METHOD_MATCH = YES;
				COPY_PHASE_STRIP = NO;
				DEBUG_INFORMATION_FORMAT = "dwarf-with-dsym";
				ENABLE_NS_ASSERTIONS = NO;
				ENABLE_STRICT_OBJC_MSGSEND = YES;
				GCC_C_LANGUAGE_STANDARD = gnu11;
				GCC_NO_COMMON_BLOCKS = YES;
				GCC_WARN_64_TO_32_BIT_CONVERSION = YES;
				GCC_WARN_ABOUT_RETURN_TYPE = YES_ERROR;
				GCC_WARN_UNDECLARED_SELECTOR = YES;
				GCC_WARN_UNINITIALIZED_AUTOS = YES_AGGRESSIVE;
				GCC_WARN_UNUSED_FUNCTION = YES;
				GCC_WARN_UNUSED_VARIABLE = YES;
				IPHONEOS_DEPLOYMENT_TARGET = 16.0;
				MTL_ENABLE_DEBUG_INFO = NO;
				MTL_FAST_MATH = YES;
				SDKROOT = iphoneos;
				SWIFT_COMPILATION_MODE = wholemodule;
				SWIFT_OPTIMIZATION_LEVEL = "-O";
				VALIDATE_PRODUCT = YES;
			};
			name = Release;
		};
		01AC716728D64566005591E8 /* Debug */ = {
			isa = XCBuildConfiguration;
			buildSettings = {
				ASSETCATALOG_COMPILER_APPICON_NAME = AppIcon;
				ASSETCATALOG_COMPILER_GLOBAL_ACCENT_COLOR_NAME = AccentColor;
				CODE_SIGN_STYLE = Automatic;
				CURRENT_PROJECT_VERSION = 1;
				DEVELOPMENT_TEAM = V88BNY2LA6;
				GENERATE_INFOPLIST_FILE = YES;
				INFOPLIST_FILE = SimpleClock/Info.plist;
				INFOPLIST_KEY_UIApplicationSupportsIndirectInputEvents = YES;
				INFOPLIST_KEY_UILaunchStoryboardName = LaunchScreen;
				INFOPLIST_KEY_UIMainStoryboardFile = Main;
				INFOPLIST_KEY_UISupportedInterfaceOrientations_iPad = "UIInterfaceOrientationPortrait UIInterfaceOrientationPortraitUpsideDown UIInterfaceOrientationLandscapeLeft UIInterfaceOrientationLandscapeRight";
				INFOPLIST_KEY_UISupportedInterfaceOrientations_iPhone = "UIInterfaceOrientationPortrait UIInterfaceOrientationLandscapeLeft UIInterfaceOrientationLandscapeRight";
				IPHONEOS_DEPLOYMENT_TARGET = 15.0;
				LD_RUNPATH_SEARCH_PATHS = (
					"$(inherited)",
					"@executable_path/Frameworks",
				);
				MARKETING_VERSION = 1.0;
				PRODUCT_BUNDLE_IDENTIFIER = dev.staceymoore.SimpleClock;
				PRODUCT_NAME = "$(TARGET_NAME)";
				SWIFT_EMIT_LOC_STRINGS = YES;
				SWIFT_VERSION = 5.0;
				TARGETED_DEVICE_FAMILY = "1,2";
			};
			name = Debug;
		};
		01AC716828D64566005591E8 /* Release */ = {
			isa = XCBuildConfiguration;
			buildSettings = {
				ASSETCATALOG_COMPILER_APPICON_NAME = AppIcon;
				ASSETCATALOG_COMPILER_GLOBAL_ACCENT_COLOR_NAME = AccentColor;
				CODE_SIGN_STYLE = Automatic;
				CURRENT_PROJECT_VERSION = 1;
				DEVELOPMENT_TEAM = V88BNY2LA6;
				GENERATE_INFOPLIST_FILE = YES;
				INFOPLIST_FILE = SimpleClock/Info.plist;
				INFOPLIST_KEY_UIApplicationSupportsIndirectInputEvents = YES;
				INFOPLIST_KEY_UILaunchStoryboardName = LaunchScreen;
				INFOPLIST_KEY_UIMainStoryboardFile = Main;
				INFOPLIST_KEY_UISupportedInterfaceOrientations_iPad = "UIInterfaceOrientationPortrait UIInterfaceOrientationPortraitUpsideDown UIInterfaceOrientationLandscapeLeft UIInterfaceOrientationLandscapeRight";
				INFOPLIST_KEY_UISupportedInterfaceOrientations_iPhone = "UIInterfaceOrientationPortrait UIInterfaceOrientationLandscapeLeft UIInterfaceOrientationLandscapeRight";
				IPHONEOS_DEPLOYMENT_TARGET = 15.0;
				LD_RUNPATH_SEARCH_PATHS = (
					"$(inherited)",
					"@executable_path/Frameworks",
				);
				MARKETING_VERSION = 1.0;
				PRODUCT_BUNDLE_IDENTIFIER = dev.staceymoore.SimpleClock;
				PRODUCT_NAME = "$(TARGET_NAME)";
				SWIFT_EMIT_LOC_STRINGS = YES;
				SWIFT_VERSION = 5.0;
				TARGETED_DEVICE_FAMILY = "1,2";
			};
			name = Release;
		};
/* End XCBuildConfiguration section */

/* Begin XCConfigurationList section */
		01AC714D28D64565005591E8 /* Build configuration list for PBXProject "SimpleClock" */ = {
			isa = XCConfigurationList;
			buildConfigurations = (
				01AC716428D64566005591E8 /* Debug */,
				01AC716528D64566005591E8 /* Release */,
			);
			defaultConfigurationIsVisible = 0;
			defaultConfigurationName = Release;
		};
		01AC716628D64566005591E8 /* Build configuration list for PBXNativeTarget "SimpleClock" */ = {
			isa = XCConfigurationList;
			buildConfigurations = (
				01AC716728D64566005591E8 /* Debug */,
				01AC716828D64566005591E8 /* Release */,
			);
			defaultConfigurationIsVisible = 0;
			defaultConfigurationName = Release;
		};
/* End XCConfigurationList section */
	};
	rootObject = 01AC714A28D64565005591E8 /* Project object */;
}
